# This file is generated by running "yarn install" inside your project.
# Manual changes might be lost - proceed with caution!

__metadata:
  version: 4
  cacheKey: 7

"@hapi/hoek@npm:^9.0.0":
  version: 9.2.0
  resolution: "@hapi/hoek@npm:9.2.0"
  checksum: c68d43f3fa7de4d53362c38ed5927e7872394bd80cd8d500a8b6c705da92ad9d37106df72d97a63417270fb186e2ad0b147bc31d61b9cdba614987bf8f1ba1ae
  languageName: node
  linkType: hard

"@hapi/topo@npm:^5.0.0":
  version: 5.0.0
  resolution: "@hapi/topo@npm:5.0.0"
  dependencies:
    "@hapi/hoek": ^9.0.0
  checksum: f92797d5ef54bb801a3591a118ea483ed5a6b41cdd1aaa6f7bf427b64b5f76056bc7063447adf43be8f94b04408228cce12963ea498b8da8f9e01d01c78710ac
  languageName: node
  linkType: hard

"@playground/demo@workspace:apps/demo":
  version: 0.0.0-use.local
  resolution: "@playground/demo@workspace:apps/demo"
  dependencies:
    "@playground/hello": 1.0.0
    lodash.pick: ^4.4.0
  languageName: unknown
  linkType: soft

"@playground/hello@1.0.0, @playground/hello@workspace:libs/hello":
  version: 0.0.0-use.local
  resolution: "@playground/hello@workspace:libs/hello"
  languageName: unknown
  linkType: soft

"@playground/print@workspace:tools/print":
  version: 0.0.0-use.local
  resolution: "@playground/print@workspace:tools/print"
  languageName: unknown
  linkType: soft

"@sideway/address@npm:^4.1.0":
  version: 4.1.1
  resolution: "@sideway/address@npm:4.1.1"
  dependencies:
    "@hapi/hoek": ^9.0.0
  checksum: ba8678372e821590a58ea5edf62370473c8458255168d28d20e9fe6c90c65f5218377012cc5b61a4b544dcd3f2e65a768bca2ae266310e16045dcd85ea17079c
  languageName: node
  linkType: hard

"@sideway/formula@npm:^3.0.0":
  version: 3.0.0
  resolution: "@sideway/formula@npm:3.0.0"
  checksum: b83ecd35fea33e7b826ddcdc9f0735a79bd374927efea36885203200c418ad0f9975c329eaf9e990a7c61cf96f560ed2020227a35e699324ddd3c94dd3f4045f
  languageName: node
  linkType: hard

"@sideway/pinpoint@npm:^2.0.0":
  version: 2.0.0
  resolution: "@sideway/pinpoint@npm:2.0.0"
  checksum: e5528639aef1d266c23050897a6571c1e2aeccb59b6a22006a153fbd73aee78ae995bf19c022d70de5a00589a7f51372e78ef9aacd34a3dd9b13720c866aca7e
  languageName: node
  linkType: hard

"axios@npm:^0.21.1":
  version: 0.21.1
  resolution: "axios@npm:0.21.1"
  dependencies:
    follow-redirects: ^1.10.0
  checksum: 864fb7b5d077d236737f10adca53bf451a93f35a15271f56fba8da07265a02d26b7d881b935a6697dc6adb0549ea3e56d2eecb403edaa3bb78f6479901c10f69
  languageName: node
  linkType: hard

"bluebird@npm:3.7.2":
  version: 3.7.2
  resolution: "bluebird@npm:3.7.2"
  checksum: 4f2288662f3d4eadbb82d4daa4a7d7976a28fa3c7eb4102c9b4033b03e5be4574ba123ac52a7c103cde4cb7b2d2afc1dbe41817ca15a29ff21ecd258d0286047
  languageName: node
  linkType: hard

"check-more-types@npm:2.24.0":
  version: 2.24.0
  resolution: "check-more-types@npm:2.24.0"
  checksum: e7b9d1f10a499ca9e2698d3b43ed76171d4209f471307425f1429df18b6f1215981f53dee49b18915211dea274571ca788939786c600416f74305285f1b36f87
  languageName: node
  linkType: hard

"cross-spawn@npm:^7.0.0":
  version: 7.0.3
  resolution: "cross-spawn@npm:7.0.3"
  dependencies:
    path-key: ^3.1.0
    shebang-command: ^2.0.0
    which: ^2.0.1
  checksum: 51f10036f5f1de781be98f4738d58b50c6d44f4f471069b8ab075b21605893ba1548654880f7310a29a732d6fc7cd481da6026169b9f0831cab0148a62fb397a
  languageName: node
  linkType: hard

"debug@npm:4.3.1":
  version: 4.3.1
  resolution: "debug@npm:4.3.1"
  dependencies:
    ms: 2.1.2
  peerDependenciesMeta:
    supports-color:
      optional: true
  checksum: 0d41ba5177510e8b388dfd7df143ab0f9312e4abdaba312595461511dac88e9ef8101939d33b4e6d37e10341af6a5301082e4d7d6f3deb4d57bc05fc7d296fad
  languageName: node
  linkType: hard

"duplexer@npm:~0.1.1":
  version: 0.1.2
  resolution: "duplexer@npm:0.1.2"
  checksum: 5c2ccea7c8e130bffabeafeadaf58dd38d4abd1b2c563d462f026f78d4b2f2085d64342b964660241591ade874f9a54890a965324f6c56e2bd1924d0cf583c5a
  languageName: node
  linkType: hard

"end-of-stream@npm:^1.1.0":
  version: 1.4.4
  resolution: "end-of-stream@npm:1.4.4"
  dependencies:
    once: ^1.4.0
  checksum: 7da60e458bdb5e16c006a45e85ef3bc1e3791db5ba275b0913258ccddc8899acb9252c4ddbcce87bd1b46e2a3f97315aafb9f0c0330e8aac44defb504a9d3ccd
  languageName: node
  linkType: hard

"event-stream@npm:=3.3.4":
  version: 3.3.4
  resolution: "event-stream@npm:3.3.4"
  dependencies:
    duplexer: ~0.1.1
    from: ~0
    map-stream: ~0.1.0
    pause-stream: 0.0.11
    split: 0.3
    stream-combiner: ~0.0.4
    through: ~2.3.1
  checksum: dd5a563370ed94cfcc8f495528fd4795505d5ee7a991ea7870ec550dd9a785c121b47e931eb3e82be7ff0f449ae113b8026468249715ac432ffa9d402317715e
  languageName: node
  linkType: hard

"execa@npm:3.4.0":
  version: 3.4.0
  resolution: "execa@npm:3.4.0"
  dependencies:
    cross-spawn: ^7.0.0
    get-stream: ^5.0.0
    human-signals: ^1.1.1
    is-stream: ^2.0.0
    merge-stream: ^2.0.0
    npm-run-path: ^4.0.0
    onetime: ^5.1.0
    p-finally: ^2.0.0
    signal-exit: ^3.0.2
    strip-final-newline: ^2.0.0
  checksum: 6f1eb2d6012ba061f9daee5cd0ba775dae71a5b18ab4003c4edc5f0b85047f98b982b71e731b237dde1ea3348b4a09deafa988eca5d1f1b6a9925f74c9907777
  languageName: node
  linkType: hard

"follow-redirects@npm:^1.10.0":
  version: 1.14.0
  resolution: "follow-redirects@npm:1.14.0"
  peerDependenciesMeta:
    debug:
      optional: true
  checksum: 70c86697f20d0220a26e3af54e9e2cbf3cc380086d945cc8d67a57c03c09ee222f727b31be1a82adafb897943e103f6b707fb91baaaffe218d758b260a4ac1a5
  languageName: node
  linkType: hard

"from@npm:~0":
  version: 0.1.7
  resolution: "from@npm:0.1.7"
  checksum: 23cc6301f6475806242a68cc2d70e40d363ffe0590c4c053c44638a9fb8c7c77a521f20d5c880b10a5e523a7ba1ca3e0827ccef32bddf0f3ad7b6bda771b1194
  languageName: node
  linkType: hard

"get-stream@npm:^5.0.0":
  version: 5.2.0
  resolution: "get-stream@npm:5.2.0"
  dependencies:
    pump: ^3.0.0
  checksum: c71c5625f4573a33823371da253b4183df6bdb28cb678d03bab9b5f91626d92d6f3f5ae2404c5efdc1248fbb82204e4dae4283c7ff3cc14e505754f9f748f217
  languageName: node
  linkType: hard

"human-signals@npm:^1.1.1":
  version: 1.1.1
  resolution: "human-signals@npm:1.1.1"
  checksum: cac115f635090055427bbd9d066781b17de3a2d8bbf839d920ae2fa52c3eab4efc63b4c8abc10e9a8b979233fa932c43a83a48864003a8c684ed9fb78135dd45
  languageName: node
  linkType: hard

"is-stream@npm:^2.0.0":
  version: 2.0.0
  resolution: "is-stream@npm:2.0.0"
  checksum: f92ba04a8b8fafbade79bdaada53a044025db2fbd3fc2be978434db9a097a4afa457c2e3222c70c2ffc38854bde3a352593d6315463a54394f08ca9e51e32b50
  languageName: node
  linkType: hard

"isexe@npm:^2.0.0":
  version: 2.0.0
  resolution: "isexe@npm:2.0.0"
  checksum: 7b437980bb77881a146fba85cfbdf01edc2b148673e9c2722a1e49661fea73adf524430a80fdbfb8ce9f60d43224e682c657c45030482bd39e0c488fc29b4afe
  languageName: node
  linkType: hard

"joi@npm:^17.3.0":
  version: 17.4.0
  resolution: "joi@npm:17.4.0"
  dependencies:
    "@hapi/hoek": ^9.0.0
    "@hapi/topo": ^5.0.0
    "@sideway/address": ^4.1.0
    "@sideway/formula": ^3.0.0
    "@sideway/pinpoint": ^2.0.0
  checksum: 2f6203d4513c063d457a935dab5e8060413479880d55af2c4fada987c7fe1bedff46d46eec36b14cf433ecc4df3b580fe1c0a0fed5b73a265b78011f97ff5c2d
  languageName: node
  linkType: hard

"lazy-ass@npm:1.6.0":
  version: 1.6.0
  resolution: "lazy-ass@npm:1.6.0"
  checksum: a4fa422498d35238905274eb350cbbd3768e06f61d221e3057f6cf1549362aad1275137785d52d05dbd479e030fb2812a40f2b88dd7e97800bd0140121d0c004
  languageName: node
  linkType: hard

"lodash.pick@npm:^4.4.0":
  version: 4.4.0
  resolution: "lodash.pick@npm:4.4.0"
  checksum: 3cf24484b1bd36652bfbe1e925e6955ee0332f1612919331a2d6115d5617bcaaf559e4fb21f4160d51eb2359f7a8dc0e478773da516b4ccc15ef261327064aab
  languageName: node
  linkType: hard

"lodash@npm:^4.17.21":
  version: 4.17.21
  resolution: "lodash@npm:4.17.21"
  checksum: 4983720b9abca930a4a46f18db163d7dad8dd00dbed6db0cc7b499b33b717cce69f80928b27bbb1ff2cbd3b19d251ee90669a8b5ea466072ca81c2ebe91e7468
  languageName: node
  linkType: hard

"map-stream@npm:~0.1.0":
  version: 0.1.0
  resolution: "map-stream@npm:0.1.0"
  checksum: 46003aa4a78c32d2f6d6e71d93f3401cf97ee1823117d1b148872d50373d3642fc1becdbbbf4f27b40692db7cd1cb770fc2be282f2bd785662c68eb1956a1219
  languageName: node
  linkType: hard

"merge-stream@npm:^2.0.0":
  version: 2.0.0
  resolution: "merge-stream@npm:2.0.0"
  checksum: cde834809a0e65485e474de3162af9853ab2a07977fd36d328947b7b3e6207df719ffb115b11085ecc570501e15a2aa8bacd772ac53f77873f53b0626e52a39a
  languageName: node
  linkType: hard

"mimic-fn@npm:^2.1.0":
  version: 2.1.0
  resolution: "mimic-fn@npm:2.1.0"
  checksum: f7d2d7febe3d7dd71da0700b1d455ec6c951a96b463ffcc303c93771b9fe4e45318152ea677c241505b19b39e41d906e5052cfb382d59a44bdb6d3d57f8b467b
  languageName: node
  linkType: hard

"minimist@npm:^1.2.5":
  version: 1.2.5
  resolution: "minimist@npm:1.2.5"
  checksum: b77b8590147a4e217ff34266236bc39de23b52e6e33054076991ff674c7397a1380a7bde11111916f16f003a94aaa7e4f3d92595a32189644ff607fabc65a5b6
  languageName: node
  linkType: hard

"ms@npm:2.1.2":
  version: 2.1.2
  resolution: "ms@npm:2.1.2"
  checksum: 9b65fb709bc30c0c07289dcbdb61ca032acbb9ea5698b55fa62e2cebb04c5953f1876a1f3f7f4bc2e91d4bf4d86003f3e207c3bc6ee2f716f99827e62389cd0e
  languageName: node
  linkType: hard

"npm-run-path@npm:^4.0.0":
  version: 4.0.1
  resolution: "npm-run-path@npm:4.0.1"
  dependencies:
    path-key: ^3.0.0
  checksum: 058fd068804f8c34fcef9393fc895d45400834c9f90bbafc57259f9fd47e8796712e4ad54524f0971b806260a118bf61ac37b0bf9f74e9e58c84bae780ae09e6
  languageName: node
  linkType: hard

"once@npm:^1.3.1, once@npm:^1.4.0":
  version: 1.4.0
  resolution: "once@npm:1.4.0"
  dependencies:
    wrappy: 1
  checksum: 57afc246536cf6494437f982b26475f22bee860f8b77ce8eb1543f42a8bffe04b2c66ddfea9a16cb25ccb80943f8ee4fc639367ef97b7a6a4f2672eb573963f5
  languageName: node
  linkType: hard

"onetime@npm:^5.1.0":
  version: 5.1.2
  resolution: "onetime@npm:5.1.2"
  dependencies:
    mimic-fn: ^2.1.0
  checksum: e425f6caeb20cf2598ffece94be5663932e34d074f1631b682b13d5f01cc1e0712a7dc711eff1706bb5a5aaab8a52e37bd5edcf560334e3222219d7e8b09c21c
  languageName: node
  linkType: hard

"p-finally@npm:^2.0.0":
  version: 2.0.1
  resolution: "p-finally@npm:2.0.1"
  checksum: d90a9b6b51e2cee60131564b279e4ebaf92c2b05f1afb35477b8a1b7eb77b9c4d6d8c5dac329b45fc85b0efcfdf3a2047279dedb4c1e83fd3fd24eefa3439cfe
  languageName: node
  linkType: hard

"path-key@npm:^3.0.0, path-key@npm:^3.1.0":
  version: 3.1.1
  resolution: "path-key@npm:3.1.1"
  checksum: e44aa3ca9faed0440994883050143b1214fffb907bf3a7bbdba15dc84f60821617c0d84e4cc74e1d84e9274003da50427f54d739b0b47636bcbaff4ec71b9b86
  languageName: node
  linkType: hard

"pause-stream@npm:0.0.11":
  version: 0.0.11
  resolution: "pause-stream@npm:0.0.11"
  dependencies:
    through: ~2.3
  checksum: a6bcf306f5e7f2cca0adcb424a6c7fa2760233ffd0631695421fdb29cdf8fbaf734161a6e97ebd05c83764b950029167036b0bb9898b36ae772ad5ad48862e91
  languageName: node
  linkType: hard

"ps-tree@npm:1.2.0":
  version: 1.2.0
  resolution: "ps-tree@npm:1.2.0"
  dependencies:
    event-stream: =3.3.4
  bin:
    ps-tree: ./bin/ps-tree.js
  checksum: 0dd001ab27d022acc6226ebf54938deaf151200f778d5f34470dcfe7395e5695331c588641c574e742d3933803c0b974802bd2c22ebe1584afe1c93f319b02cf
  languageName: node
  linkType: hard

"pump@npm:^3.0.0":
  version: 3.0.0
  resolution: "pump@npm:3.0.0"
  dependencies:
    end-of-stream: ^1.1.0
    once: ^1.3.1
  checksum: 5464d5cf6c6f083cc60cb45b074fb9a4a92ba4d3e0d89e9b2fa1906d8151fd3766784a426725ccf1af50d1c29963ac20b13829933549830e08a6704e3f95e08c
  languageName: node
  linkType: hard

"rxjs@npm:^6.6.3":
  version: 6.6.7
  resolution: "rxjs@npm:6.6.7"
  dependencies:
    tslib: ^1.9.0
  checksum: 1146975cbd5388ee5e61450235dc5670931e43cce71813f567977d334acc4d75c6e8d9d293df67e1fb31510b99fc8957943d4a9b550d109e4dc69967a8471543
  languageName: node
  linkType: hard

"shebang-command@npm:^2.0.0":
  version: 2.0.0
  resolution: "shebang-command@npm:2.0.0"
  dependencies:
    shebang-regex: ^3.0.0
  checksum: 85aa394d8cedeedf2e03524d6defef67a2b07d3a17d7ee50d4281d62d3fca898f26ebe7aa7bf674d51b80f197aa1d346bc1a10e8efb04377b534f4322c621012
  languageName: node
  linkType: hard

"shebang-regex@npm:^3.0.0":
  version: 3.0.0
  resolution: "shebang-regex@npm:3.0.0"
  checksum: ea18044ffaf18129ced5a246660a9171a7dff98999aaa9de8abb237d8a7711d8a1f76e16881399994ee429156717ce1c6a50c665bb18a4d55a7f80b9125b1f7d
  languageName: node
  linkType: hard

"signal-exit@npm:^3.0.2":
  version: 3.0.3
  resolution: "signal-exit@npm:3.0.3"
  checksum: f8f3fec95c8d1f9ad7e3cce07e1195f84e7a85cdcb4e825e8a2b76aa5406a039083d2bc9662b3cf40e6948262f41277047d20e6fbd58c77edced0b18fab647d8
  languageName: node
  linkType: hard

"split@npm:0.3":
  version: 0.3.3
  resolution: "split@npm:0.3.3"
  dependencies:
    through: 2
  checksum: 4e20ae69b398d29820873dbba48baeefb6c1db3250cb2cdd467d91d571ea97232e94f21438d08824655d9436fd1c9994ce80e533c7b6a01923332f271bc8a1f4
  languageName: node
  linkType: hard

"start-server-and-test@npm:^1.12.1":
  version: 1.12.1
  resolution: "start-server-and-test@npm:1.12.1"
  dependencies:
    bluebird: 3.7.2
    check-more-types: 2.24.0
    debug: 4.3.1
    execa: 3.4.0
    lazy-ass: 1.6.0
    ps-tree: 1.2.0
    wait-on: 5.3.0
  bin:
    server-test: src/bin/start.js
    start-server-and-test: src/bin/start.js
    start-test: src/bin/start.js
  checksum: 827a876e7209599ee70239e6cead080c8b10471e80c3553052d955fce72a7aae986867215adf4cd378b5d3a56df14f1eb6f24d792298ef9ede36bebbc0d7c13c
  languageName: node
  linkType: hard

"stream-combiner@npm:~0.0.4":
  version: 0.0.4
  resolution: "stream-combiner@npm:0.0.4"
  dependencies:
    duplexer: ~0.1.1
  checksum: 0c936c1cb4f0cef21aef31e06d92b4bd39b4243f6dad5e2ce576d4b09c208c30fdc9f269c4a1435da5d2ff42eaa4ba25fcae886db08046effdc03b7e2d0ddcc6
  languageName: node
  linkType: hard

"strip-final-newline@npm:^2.0.0":
  version: 2.0.0
  resolution: "strip-final-newline@npm:2.0.0"
  checksum: 74dbd8a602409706748db730200efab53ba739ed7888310e74e45697efbd760981df6d6f0fa34b23e973135fb07d3b22adae6e6d58898f692a094e49692c6c33
  languageName: node
  linkType: hard

"through@npm:2, through@npm:~2.3, through@npm:~2.3.1":
  version: 2.3.8
  resolution: "through@npm:2.3.8"
  checksum: 918d9151680b5355990011eb8c4b02e8cb8cf6e9fb6ea3d3e5a1faa688343789e261634ae35de4ea9167ab029d1e7bac6af2fe61b843931768d405fdc3e8897c
  languageName: node
  linkType: hard

"tslib@npm:^1.9.0":
  version: 1.14.1
  resolution: "tslib@npm:1.14.1"
  checksum: f44fe7f216946b17d3e3074df3746372703cf24e9127b4c045511456e8e4bf25515fb0a1bb3937676cc305651c5d4fcb6377b0588a4c6a957e748c4c28905d17
  languageName: node
  linkType: hard

"wait-on@npm:5.3.0":
  version: 5.3.0
  resolution: "wait-on@npm:5.3.0"
  dependencies:
    axios: ^0.21.1
    joi: ^17.3.0
    lodash: ^4.17.21
    minimist: ^1.2.5
    rxjs: ^6.6.3
  bin:
    wait-on: bin/wait-on
  checksum: 405cad859a3ede2b48ebe7a3e39e543adff21333ac3e309b1469bffa71952db0c0920bebabf5d7282e8709bd43c2bab312ed6e764cdae149986b57dc0b263ff9
  languageName: node
  linkType: hard

"which@npm:^2.0.1":
  version: 2.0.2
  resolution: "which@npm:2.0.2"
  dependencies:
    isexe: ^2.0.0
  bin:
    node-which: ./bin/node-which
  checksum: ea9b1db1266b08f7880717cf70dd9012dd523e5a317f10fbe4d5e8c1a761c5fd237f88642f2ba33b23f973ff4002c9b26648d63084ab208d8ecef36497315f6e
  languageName: node
  linkType: hard

"wrappy@npm:1":
  version: 1.0.2
  resolution: "wrappy@npm:1.0.2"
  checksum: 519fcda0fcdf0c16327be2de9d98646742307bc830277e8868529fcf7566f2b330a6453c233e0cdcb767d5838dd61a90984a02ecc983bcddebea5ad0833bbf98
  languageName: node
  linkType: hard

"yarn-workspace-playground@workspace:.":
  version: 0.0.0-use.local
  resolution: "yarn-workspace-playground@workspace:."
  dependencies:
    start-server-and-test: ^1.12.1
  languageName: unknown
  linkType: soft
